
Microsoft Visual Studio Solution File, Format Version 10.00
# Visual Basic Express 2008
Project("{F184B08F-C81C-45F6-A57F-5ABD9991F28F}") = "AiwConector", "AiwConector\AiwConector.vbproj", "{1F857115-0A89-48CC-8338-0FD3D4FF5BBE}"
EndProject
Global
	GlobalSection(SolutionConfigurationPlatforms) = preSolution
		Debug|Any CPU = Debug|Any CPU
		Release|Any CPU = Release|Any CPU
	EndGlobalSection
	GlobalSection(ProjectConfigurationPlatforms) = postSolution
		{1F857115-0A89-48CC-8338-0FD3D4FF5BBE}.Debug|Any CPU.ActiveCfg = Debug|Any CPU
		{1F857115-0A89-48CC-8338-0FD3D4FF5BBE}.Debug|Any CPU.Build.0 = Debug|Any CPU
		{1F857115-0A89-48CC-8338-0FD3D4FF5BBE}.Release|Any CPU.ActiveCfg = Release|Any CPU
		{1F857115-0A89-48CC-8338-0FD3D4FF5BBE}.Release|Any CPU.Build.0 = Release|Any CPU
	EndGlobalSection
	GlobalSection(SolutionProperties) = preSolution
		HideSolutionNode = FALSE
	EndGlobalSection
EndGlobal
